// !$*UTF8*$!
{
	archiveVersion = 1;
	classes = {
	};
	objectVersion = 54;
	objects = {

/* Begin PBXBuildFile section */
		AAE79E5A213521DA00E7AC1F /* AppDelegate.swift in Sources */ = {isa = PBXBuildFile; fileRef = AAE79E59213521DA00E7AC1F /* AppDelegate.swift */; };
		AAE79E5F213521DA00E7AC1F /* Main.storyboard in Resources */ = {isa = PBXBuildFile; fileRef = AAE79E5D213521DA00E7AC1F /* Main.storyboard */; };
		AAE79E61213521DB00E7AC1F /* Assets.xcassets in Resources */ = {isa = PBXBuildFile; fileRef = AAE79E60213521DB00E7AC1F /* Assets.xcassets */; };
		AAE79E64213521DB00E7AC1F /* LaunchScreen.storyboard in Resources */ = {isa = PBXBuildFile; fileRef = AAE79E62213521DB00E7AC1F /* LaunchScreen.storyboard */; };
		AAE79E952135237A00E7AC1F /* ViewController.swift in Sources */ = {isa = PBXBuildFile; fileRef = AAE79E942135237A00E7AC1F /* ViewController.swift */; };
		AAE79E9A2135268800E7AC1F /* PreviewView.swift in Sources */ = {isa = PBXBuildFile; fileRef = AAE79E982135268800E7AC1F /* PreviewView.swift */; };
		AAE79E9B2135268800E7AC1F /* CameraFeedManager.swift in Sources */ = {isa = PBXBuildFile; fileRef = AAE79E992135268800E7AC1F /* CameraFeedManager.swift */; };
		AF3F74DD2C22205100E620AA /* tflite-quantizer.py in Resources */ = {isa = PBXBuildFile; fileRef = AF3F74DC2C22205100E620AA /* tflite-quantizer.py */; };
		AF3F74DF2C2220BA00E620AA /* best-model.txt in Resources */ = {isa = PBXBuildFile; fileRef = AF3F74DE2C2220BA00E620AA /* best-model.txt */; };
		AF3F74E12C22222500E620AA /* metadataed.tflite in Resources */ = {isa = PBXBuildFile; fileRef = AF3F74E02C22222500E620AA /* metadataed.tflite */; };
		BF43FFC12846FEC000D8FB74 /* ImageClassificationHelper.swift in Sources */ = {isa = PBXBuildFile; fileRef = BF43FFC02846FEC000D8FB74 /* ImageClassificationHelper.swift */; };
		D4FE4CAF6557525B86F96D09 /* Pods_ImageClassification.framework in Frameworks */ = {isa = PBXBuildFile; fileRef = C33A00637C3AB63597629358 /* Pods_ImageClassification.framework */; };
/* End PBXBuildFile section */

/* Begin PBXCopyFilesBuildPhase section */
		AFC143E92B816ADA0062A682 /* Embed Frameworks */ = {
			isa = PBXCopyFilesBuildPhase;
			buildActionMask = 2147483647;
			dstPath = "";
			dstSubfolderSpec = 10;
			files = (
			);
			name = "Embed Frameworks";
			runOnlyForDeploymentPostprocessing = 0;
		};
/* End PBXCopyFilesBuildPhase section */

/* Begin PBXFileReference section */
		20DF4A6EFB4240CED3F84B58 /* Pods-ImageClassification.debug.xcconfig */ = {isa = PBXFileReference; includeInIndex = 1; lastKnownFileType = text.xcconfig; name = "Pods-ImageClassification.debug.xcconfig"; path = "Target Support Files/Pods-ImageClassification/Pods-ImageClassification.debug.xcconfig"; sourceTree = "<group>"; };
		AAE79E56213521DA00E7AC1F /* ImageClassification.app */ = {isa = PBXFileReference; explicitFileType = wrapper.application; includeInIndex = 0; path = ImageClassification.app; sourceTree = BUILT_PRODUCTS_DIR; };
		AAE79E59213521DA00E7AC1F /* AppDelegate.swift */ = {isa = PBXFileReference; lastKnownFileType = sourcecode.swift; path = AppDelegate.swift; sourceTree = "<group>"; };
		AAE79E5E213521DA00E7AC1F /* Base */ = {isa = PBXFileReference; lastKnownFileType = file.storyboard; name = Base; path = Base.lproj/Main.storyboard; sourceTree = "<group>"; };
		AAE79E60213521DB00E7AC1F /* Assets.xcassets */ = {isa = PBXFileReference; lastKnownFileType = folder.assetcatalog; path = Assets.xcassets; sourceTree = "<group>"; };
		AAE79E63213521DB00E7AC1F /* Base */ = {isa = PBXFileReference; lastKnownFileType = file.storyboard; name = Base; path = Base.lproj/LaunchScreen.storyboard; sourceTree = "<group>"; };
		AAE79E65213521DB00E7AC1F /* Info.plist */ = {isa = PBXFileReference; lastKnownFileType = text.plist.xml; path = Info.plist; sourceTree = "<group>"; };
		AAE79E942135237A00E7AC1F /* ViewController.swift */ = {isa = PBXFileReference; fileEncoding = 4; lastKnownFileType = sourcecode.swift; path = ViewController.swift; sourceTree = "<group>"; };
		AAE79E982135268800E7AC1F /* PreviewView.swift */ = {isa = PBXFileReference; fileEncoding = 4; lastKnownFileType = sourcecode.swift; path = PreviewView.swift; sourceTree = "<group>"; };
		AAE79E992135268800E7AC1F /* CameraFeedManager.swift */ = {isa = PBXFileReference; fileEncoding = 4; lastKnownFileType = sourcecode.swift; path = CameraFeedManager.swift; sourceTree = "<group>"; };
		AF3F74DC2C22205100E620AA /* tflite-quantizer.py */ = {isa = PBXFileReference; fileEncoding = 4; lastKnownFileType = text.script.python; path = "tflite-quantizer.py"; sourceTree = "<group>"; };
		AF3F74DE2C2220BA00E620AA /* best-model.txt */ = {isa = PBXFileReference; fileEncoding = 4; lastKnownFileType = text; path = "best-model.txt"; sourceTree = "<group>"; };
		AF3F74E02C22222500E620AA /* metadataed.tflite */ = {isa = PBXFileReference; lastKnownFileType = file; path = metadataed.tflite; sourceTree = "<group>"; };
		BF43FFC02846FEC000D8FB74 /* ImageClassificationHelper.swift */ = {isa = PBXFileReference; fileEncoding = 4; lastKnownFileType = sourcecode.swift; path = ImageClassificationHelper.swift; sourceTree = "<group>"; };
		C33A00637C3AB63597629358 /* Pods_ImageClassification.framework */ = {isa = PBXFileReference; explicitFileType = wrapper.framework; includeInIndex = 0; path = Pods_ImageClassification.framework; sourceTree = BUILT_PRODUCTS_DIR; };
		CF8D77E378B50B5DFA9E93D4 /* Pods-ImageClassification.release.xcconfig */ = {isa = PBXFileReference; includeInIndex = 1; lastKnownFileType = text.xcconfig; name = "Pods-ImageClassification.release.xcconfig"; path = "Target Support Files/Pods-ImageClassification/Pods-ImageClassification.release.xcconfig"; sourceTree = "<group>"; };
/* End PBXFileReference section */

/* Begin PBXFrameworksBuildPhase section */
		AAE79E53213521DA00E7AC1F /* Frameworks */ = {
			isa = PBXFrameworksBuildPhase;
			buildActionMask = 2147483647;
			files = (
				D4FE4CAF6557525B86F96D09 /* Pods_ImageClassification.framework in Frameworks */,
			);
			runOnlyForDeploymentPostprocessing = 0;
		};
/* End PBXFrameworksBuildPhase section */

/* Begin PBXGroup section */
		8A2442349A519525D29B3656 /* Pods */ = {
			isa = PBXGroup;
			children = (
				20DF4A6EFB4240CED3F84B58 /* Pods-ImageClassification.debug.xcconfig */,
				CF8D77E378B50B5DFA9E93D4 /* Pods-ImageClassification.release.xcconfig */,
			);
			path = Pods;
			sourceTree = "<group>";
		};
		AA5FEB7A21355CCC00F9BD4B /* TFLite */ = {
			isa = PBXGroup;
			children = (
				AF3F74E02C22222500E620AA /* metadataed.tflite */,
				AF3F74DE2C2220BA00E620AA /* best-model.txt */,
				AF3F74DC2C22205100E620AA /* tflite-quantizer.py */,
				BF43FFC02846FEC000D8FB74 /* ImageClassificationHelper.swift */,
			);
			path = TFLite;
			sourceTree = "<group>";
		};
		AA5FEB7F21355D0300F9BD4B /* Storyboards */ = {
			isa = PBXGroup;
			children = (
				AAE79E62213521DB00E7AC1F /* LaunchScreen.storyboard */,
				AAE79E5D213521DA00E7AC1F /* Main.storyboard */,
			);
			path = Storyboards;
			sourceTree = "<group>";
		};
		AAE79E4D213521DA00E7AC1F = {
			isa = PBXGroup;
			children = (
				AAE79E58213521DA00E7AC1F /* ImageClassification */,
				AAE79E57213521DA00E7AC1F /* Products */,
				8A2442349A519525D29B3656 /* Pods */,
				D5622D594467847B3A2C4DC0 /* Frameworks */,
			);
			sourceTree = "<group>";
		};
		AAE79E57213521DA00E7AC1F /* Products */ = {
			isa = PBXGroup;
			children = (
				AAE79E56213521DA00E7AC1F /* ImageClassification.app */,
			);
			name = Products;
			sourceTree = "<group>";
		};
		AAE79E58213521DA00E7AC1F /* ImageClassification */ = {
			isa = PBXGroup;
			children = (
				AAE79E972135268800E7AC1F /* Camera Feed */,
				AAE79E932135236700E7AC1F /* ViewControllers */,
				AA5FEB7A21355CCC00F9BD4B /* TFLite */,
				AA5FEB7F21355D0300F9BD4B /* Storyboards */,
				AAE79E59213521DA00E7AC1F /* AppDelegate.swift */,
				AAE79E60213521DB00E7AC1F /* Assets.xcassets */,
				AAE79E65213521DB00E7AC1F /* Info.plist */,
			);
			path = ImageClassification;
			sourceTree = "<group>";
		};
		AAE79E932135236700E7AC1F /* ViewControllers */ = {
			isa = PBXGroup;
			children = (
				AAE79E942135237A00E7AC1F /* ViewController.swift */,
			);
			path = ViewControllers;
			sourceTree = "<group>";
		};
		AAE79E972135268800E7AC1F /* Camera Feed */ = {
			isa = PBXGroup;
			children = (
				AAE79E982135268800E7AC1F /* PreviewView.swift */,
				AAE79E992135268800E7AC1F /* CameraFeedManager.swift */,
			);
			path = "Camera Feed";
			sourceTree = "<group>";
		};
		D5622D594467847B3A2C4DC0 /* Frameworks */ = {
			isa = PBXGroup;
			children = (
				C33A00637C3AB63597629358 /* Pods_ImageClassification.framework */,
			);
			name = Frameworks;
			sourceTree = "<group>";
		};
/* End PBXGroup section */

/* Begin PBXNativeTarget section */
		AAE79E55213521DA00E7AC1F /* ImageClassification */ = {
			isa = PBXNativeTarget;
			buildConfigurationList = AAE79E7E213521DB00E7AC1F /* Build configuration list for PBXNativeTarget "ImageClassification" */;
			buildPhases = (
				AED6994B32FFA052D9B03188 /* [CP] Check Pods Manifest.lock */,
				AA055D8B2162320A00B25948 /* ShellScript */,
				AAE79E52213521DA00E7AC1F /* Sources */,
				AAE79E53213521DA00E7AC1F /* Frameworks */,
				AAE79E54213521DA00E7AC1F /* Resources */,
				AFC143E92B816ADA0062A682 /* Embed Frameworks */,
				CF67870C373D2E081E766767 /* [CP] Embed Pods Frameworks */,
			);
			buildRules = (
			);
			dependencies = (
			);
			name = ImageClassification;
			productName = ImageClassification;
			productReference = AAE79E56213521DA00E7AC1F /* ImageClassification.app */;
			productType = "com.apple.product-type.application";
		};
/* End PBXNativeTarget section */

/* Begin PBXProject section */
		AAE79E4E213521DA00E7AC1F /* Project object */ = {
			isa = PBXProject;
			attributes = {
				BuildIndependentTargetsInParallel = YES;
				LastSwiftUpdateCheck = 0940;
				LastUpgradeCheck = 1520;
				ORGANIZATIONNAME = "Y Media Labs";
				TargetAttributes = {
					AAE79E55213521DA00E7AC1F = {
						CreatedOnToolsVersion = 9.4.1;
						LastSwiftMigration = 1110;
					};
				};
			};
			buildConfigurationList = AAE79E51213521DA00E7AC1F /* Build configuration list for PBXProject "ImageClassification" */;
			compatibilityVersion = "Xcode 9.3";
			developmentRegion = en;
			hasScannedForEncodings = 0;
			knownRegions = (
				en,
				Base,
			);
			mainGroup = AAE79E4D213521DA00E7AC1F;
			productRefGroup = AAE79E57213521DA00E7AC1F /* Products */;
			projectDirPath = "";
			projectRoot = "";
			targets = (
				AAE79E55213521DA00E7AC1F /* ImageClassification */,
			);
		};
/* End PBXProject section */

/* Begin PBXResourcesBuildPhase section */
		AAE79E54213521DA00E7AC1F /* Resources */ = {
			isa = PBXResourcesBuildPhase;
			buildActionMask = 2147483647;
			files = (
				AF3F74DF2C2220BA00E620AA /* best-model.txt in Resources */,
				AF3F74E12C22222500E620AA /* metadataed.tflite in Resources */,
				AAE79E64213521DB00E7AC1F /* LaunchScreen.storyboard in Resources */,
				AAE79E61213521DB00E7AC1F /* Assets.xcassets in Resources */,
				AF3F74DD2C22205100E620AA /* tflite-quantizer.py in Resources */,
				AAE79E5F213521DA00E7AC1F /* Main.storyboard in Resources */,
			);
			runOnlyForDeploymentPostprocessing = 0;
		};
/* End PBXResourcesBuildPhase section */

/* Begin PBXShellScriptBuildPhase section */
		AA055D8B2162320A00B25948 /* ShellScript */ = {
			isa = PBXShellScriptBuildPhase;
			buildActionMask = 2147483647;
			files = (
			);
			inputFileListPaths = (
			);
			inputPaths = (
			);
			outputFileListPaths = (
			);
			outputPaths = (
			);
			runOnlyForDeploymentPostprocessing = 0;
			shellPath = /bin/sh;
			shellScript = "# Type a script or drag a script file from your workspace to insert its path.\n\"$SRCROOT/RunScripts/download_models.sh\"\n";
		};
		AED6994B32FFA052D9B03188 /* [CP] Check Pods Manifest.lock */ = {
			isa = PBXShellScriptBuildPhase;
			buildActionMask = 2147483647;
			files = (
			);
			inputFileListPaths = (
			);
			inputPaths = (
				"${PODS_PODFILE_DIR_PATH}/Podfile.lock",
				"${PODS_ROOT}/Manifest.lock",
			);
			name = "[CP] Check Pods Manifest.lock";
			outputFileListPaths = (
			);
			outputPaths = (
				"$(DERIVED_FILE_DIR)/Pods-ImageClassification-checkManifestLockResult.txt",
			);
			runOnlyForDeploymentPostprocessing = 0;
			shellPath = /bin/sh;
			shellScript = "diff \"${PODS_PODFILE_DIR_PATH}/Podfile.lock\" \"${PODS_ROOT}/Manifest.lock\" > /dev/null\nif [ $? != 0 ] ; then\n    # print error to STDERR\n    echo \"error: The sandbox is not in sync with the Podfile.lock. Run 'pod install' or update your CocoaPods installation.\" >&2\n    exit 1\nfi\n# This output is used by Xcode 'outputs' to avoid re-running this script phase.\necho \"SUCCESS\" > \"${SCRIPT_OUTPUT_FILE_0}\"\n";
			showEnvVarsInLog = 0;
		};
		CF67870C373D2E081E766767 /* [CP] Embed Pods Frameworks */ = {
			isa = PBXShellScriptBuildPhase;
			buildActionMask = 2147483647;
			files = (
			);
			inputFileListPaths = (
				"${PODS_ROOT}/Target Support Files/Pods-ImageClassification/Pods-ImageClassification-frameworks-${CONFIGURATION}-input-files.xcfilelist",
			);
			name = "[CP] Embed Pods Frameworks";
			outputFileListPaths = (
				"${PODS_ROOT}/Target Support Files/Pods-ImageClassification/Pods-ImageClassification-frameworks-${CONFIGURATION}-output-files.xcfilelist",
			);
			runOnlyForDeploymentPostprocessing = 0;
			shellPath = /bin/sh;
			shellScript = "\"${PODS_ROOT}/Target Support Files/Pods-ImageClassification/Pods-ImageClassification-frameworks.sh\"\n";
			showEnvVarsInLog = 0;
		};
/* End PBXShellScriptBuildPhase section */

/* Begin PBXSourcesBuildPhase section */
		AAE79E52213521DA00E7AC1F /* Sources */ = {
			isa = PBXSourcesBuildPhase;
			buildActionMask = 2147483647;
			files = (
				AAE79E952135237A00E7AC1F /* ViewController.swift in Sources */,
				BF43FFC12846FEC000D8FB74 /* ImageClassificationHelper.swift in Sources */,
				AAE79E9A2135268800E7AC1F /* PreviewView.swift in Sources */,
				AAE79E9B2135268800E7AC1F /* CameraFeedManager.swift in Sources */,
				AAE79E5A213521DA00E7AC1F /* AppDelegate.swift in Sources */,
			);
			runOnlyForDeploymentPostprocessing = 0;
		};
/* End PBXSourcesBuildPhase section */

/* Begin PBXVariantGroup section */
		AAE79E5D213521DA00E7AC1F /* Main.storyboard */ = {
			isa = PBXVariantGroup;
			children = (
				AAE79E5E213521DA00E7AC1F /* Base */,
			);
			name = Main.storyboard;
			sourceTree = "<group>";
		};
		AAE79E62213521DB00E7AC1F /* LaunchScreen.storyboard */ = {
			isa = PBXVariantGroup;
			children = (
				AAE79E63213521DB00E7AC1F /* Base */,
			);
			name = LaunchScreen.storyboard;
			sourceTree = "<group>";
		};
/* End PBXVariantGroup section */

/* Begin XCBuildConfiguration section */
		AAE79E7C213521DB00E7AC1F /* Debug */ = {
			isa = XCBuildConfiguration;
			buildSettings = {
				ALWAYS_SEARCH_USER_PATHS = NO;
				CLANG_ANALYZER_NONNULL = YES;
				CLANG_ANALYZER_NUMBER_OBJECT_CONVERSION = YES_AGGRESSIVE;
				CLANG_CXX_LANGUAGE_STANDARD = "gnu++14";
				CLANG_CXX_LIBRARY = "libc++";
				CLANG_ENABLE_MODULES = YES;
				CLANG_ENABLE_OBJC_ARC = YES;
				CLANG_ENABLE_OBJC_WEAK = YES;
				CLANG_WARN_BLOCK_CAPTURE_AUTORELEASING = YES;
				CLANG_WARN_BOOL_CONVERSION = YES;
				CLANG_WARN_COMMA = YES;
				CLANG_WARN_CONSTANT_CONVERSION = YES;
				CLANG_WARN_DEPRECATED_OBJC_IMPLEMENTATIONS = YES;
				CLANG_WARN_DIRECT_OBJC_ISA_USAGE = YES_ERROR;
				CLANG_WARN_DOCUMENTATION_COMMENTS = YES;
				CLANG_WARN_EMPTY_BODY = YES;
				CLANG_WARN_ENUM_CONVERSION = YES;
				CLANG_WARN_INFINITE_RECURSION = YES;
				CLANG_WARN_INT_CONVERSION = YES;
				CLANG_WARN_NON_LITERAL_NULL_CONVERSION = YES;
				CLANG_WARN_OBJC_IMPLICIT_RETAIN_SELF = YES;
				CLANG_WARN_OBJC_LITERAL_CONVERSION = YES;
				CLANG_WARN_OBJC_ROOT_CLASS = YES_ERROR;
				CLANG_WARN_QUOTED_INCLUDE_IN_FRAMEWORK_HEADER = YES;
				CLANG_WARN_RANGE_LOOP_ANALYSIS = YES;
				CLANG_WARN_STRICT_PROTOTYPES = YES;
				CLANG_WARN_SUSPICIOUS_MOVE = YES;
				CLANG_WARN_UNGUARDED_AVAILABILITY = YES_AGGRESSIVE;
				CLANG_WARN_UNREACHABLE_CODE = YES;
				CLANG_WARN__DUPLICATE_METHOD_MATCH = YES;
				CODE_SIGN_IDENTITY = "iPhone Developer";
				COPY_PHASE_STRIP = NO;
				DEBUG_INFORMATION_FORMAT = dwarf;
				ENABLE_STRICT_OBJC_MSGSEND = YES;
				ENABLE_TESTABILITY = YES;
				ENABLE_USER_SCRIPT_SANDBOXING = NO;
				GCC_C_LANGUAGE_STANDARD = gnu11;
				GCC_DYNAMIC_NO_PIC = NO;
				GCC_NO_COMMON_BLOCKS = YES;
				GCC_OPTIMIZATION_LEVEL = 0;
				GCC_PREPROCESSOR_DEFINITIONS = (
					"DEBUG=1",
					"$(inherited)",
				);
				GCC_WARN_64_TO_32_BIT_CONVERSION = YES;
				GCC_WARN_ABOUT_RETURN_TYPE = YES_ERROR;
				GCC_WARN_UNDECLARED_SELECTOR = YES;
				GCC_WARN_UNINITIALIZED_AUTOS = YES_AGGRESSIVE;
				GCC_WARN_UNUSED_FUNCTION = YES;
				GCC_WARN_UNUSED_VARIABLE = YES;
				IPHONEOS_DEPLOYMENT_TARGET = 12.0;
				MTL_ENABLE_DEBUG_INFO = YES;
				ONLY_ACTIVE_ARCH = YES;
				SDKROOT = iphoneos;
				SWIFT_ACTIVE_COMPILATION_CONDITIONS = DEBUG;
				SWIFT_OPTIMIZATION_LEVEL = "-Onone";
				SWIFT_VERSION = 4.2;
			};
			name = Debug;
		};
		AAE79E7D213521DB00E7AC1F /* Release */ = {
			isa = XCBuildConfiguration;
			buildSettings = {
				ALWAYS_SEARCH_USER_PATHS = NO;
				CLANG_ANALYZER_NONNULL = YES;
				CLANG_ANALYZER_NUMBER_OBJECT_CONVERSION = YES_AGGRESSIVE;
				CLANG_CXX_LANGUAGE_STANDARD = "gnu++14";
				CLANG_CXX_LIBRARY = "libc++";
				CLANG_ENABLE_MODULES = YES;
				CLANG_ENABLE_OBJC_ARC = YES;
				CLANG_ENABLE_OBJC_WEAK = YES;
				CLANG_WARN_BLOCK_CAPTURE_AUTORELEASING = YES;
				CLANG_WARN_BOOL_CONVERSION = YES;
				CLANG_WARN_COMMA = YES;
				CLANG_WARN_CONSTANT_CONVERSION = YES;
				CLANG_WARN_DEPRECATED_OBJC_IMPLEMENTATIONS = YES;
				CLANG_WARN_DIRECT_OBJC_ISA_USAGE = YES_ERROR;
				CLANG_WARN_DOCUMENTATION_COMMENTS = YES;
				CLANG_WARN_EMPTY_BODY = YES;
				CLANG_WARN_ENUM_CONVERSION = YES;
				CLANG_WARN_INFINITE_RECURSION = YES;
				CLANG_WARN_INT_CONVERSION = YES;
				CLANG_WARN_NON_LITERAL_NULL_CONVERSION = YES;
				CLANG_WARN_OBJC_IMPLICIT_RETAIN_SELF = YES;
				CLANG_WARN_OBJC_LITERAL_CONVERSION = YES;
				CLANG_WARN_OBJC_ROOT_CLASS = YES_ERROR;
				CLANG_WARN_QUOTED_INCLUDE_IN_FRAMEWORK_HEADER = YES;
				CLANG_WARN_RANGE_LOOP_ANALYSIS = YES;
				CLANG_WARN_STRICT_PROTOTYPES = YES;
				CLANG_WARN_SUSPICIOUS_MOVE = YES;
				CLANG_WARN_UNGUARDED_AVAILABILITY = YES_AGGRESSIVE;
				CLANG_WARN_UNREACHABLE_CODE = YES;
				CLANG_WARN__DUPLICATE_METHOD_MATCH = YES;
				CODE_SIGN_IDENTITY = "iPhone Developer";
				COPY_PHASE_STRIP = NO;
				DEBUG_INFORMATION_FORMAT = "dwarf-with-dsym";
				ENABLE_NS_ASSERTIONS = NO;
				ENABLE_STRICT_OBJC_MSGSEND = YES;
				ENABLE_USER_SCRIPT_SANDBOXING = NO;
				GCC_C_LANGUAGE_STANDARD = gnu11;
				GCC_NO_COMMON_BLOCKS = YES;
				GCC_WARN_64_TO_32_BIT_CONVERSION = YES;
				GCC_WARN_ABOUT_RETURN_TYPE = YES_ERROR;
				GCC_WARN_UNDECLARED_SELECTOR = YES;
				GCC_WARN_UNINITIALIZED_AUTOS = YES_AGGRESSIVE;
				GCC_WARN_UNUSED_FUNCTION = YES;
				GCC_WARN_UNUSED_VARIABLE = YES;
				IPHONEOS_DEPLOYMENT_TARGET = 12.0;
				MTL_ENABLE_DEBUG_INFO = NO;
				SDKROOT = iphoneos;
				SWIFT_COMPILATION_MODE = wholemodule;
				SWIFT_OPTIMIZATION_LEVEL = "-O";
				SWIFT_VERSION = 4.2;
				VALIDATE_PRODUCT = YES;
			};
			name = Release;
		};
		AAE79E7F213521DB00E7AC1F /* Debug */ = {
			isa = XCBuildConfiguration;
			baseConfigurationReference = 20DF4A6EFB4240CED3F84B58 /* Pods-ImageClassification.debug.xcconfig */;
			buildSettings = {
				ASSETCATALOG_COMPILER_APPICON_NAME = AppIcon;
				CLANG_ENABLE_MODULES = YES;
				CODE_SIGN_IDENTITY = "Apple Development";
				CODE_SIGN_STYLE = Automatic;
				DEVELOPMENT_TEAM = P9VDRUBW53;
				FRAMEWORK_SEARCH_PATHS = (
					"$(inherited)",
					"$(PROJECT_DIR)",
				);
				INFOPLIST_FILE = ImageClassification/Info.plist;
				INFOPLIST_KEY_CFBundleDisplayName = "Cheer Up";
				INFOPLIST_KEY_LSApplicationCategoryType = "public.app-category.lifestyle";
				IPHONEOS_DEPLOYMENT_TARGET = 12.0;
				LD_RUNPATH_SEARCH_PATHS = (
					"$(inherited)",
					"@executable_path/Frameworks",
				);
				PRODUCT_BUNDLE_IDENTIFIER = com.esanta.cheerup;
				PRODUCT_NAME = "$(TARGET_NAME)";
				PROVISIONING_PROFILE_SPECIFIER = "";
				SWIFT_OBJC_BRIDGING_HEADER = "";
				SWIFT_OPTIMIZATION_LEVEL = "-Onone";
				SWIFT_VERSION = 5.0;
				TARGETED_DEVICE_FAMILY = "1,2";
			};
			name = Debug;
		};
		AAE79E80213521DB00E7AC1F /* Release */ = {
			isa = XCBuildConfiguration;
			baseConfigurationReference = CF8D77E378B50B5DFA9E93D4 /* Pods-ImageClassification.release.xcconfig */;
			buildSettings = {
				ASSETCATALOG_COMPILER_APPICON_NAME = AppIcon;
				CLANG_ENABLE_MODULES = YES;
				CODE_SIGN_IDENTITY = "Apple Development";
				CODE_SIGN_STYLE = Automatic;
				DEVELOPMENT_TEAM = P9VDRUBW53;
				FRAMEWORK_SEARCH_PATHS = (
					"$(inherited)",
					"$(PROJECT_DIR)",
				);
				INFOPLIST_FILE = ImageClassification/Info.plist;
				INFOPLIST_KEY_CFBundleDisplayName = "Cheer Up";
				INFOPLIST_KEY_LSApplicationCategoryType = "public.app-category.lifestyle";
				IPHONEOS_DEPLOYMENT_TARGET = 12.0;
				LD_RUNPATH_SEARCH_PATHS = (
					"$(inherited)",
					"@executable_path/Frameworks",
				);
				PRODUCT_BUNDLE_IDENTIFIER = com.esanta.cheerup;
				PRODUCT_NAME = "$(TARGET_NAME)";
				PROVISIONING_PROFILE_SPECIFIER = "";
				SWIFT_OBJC_BRIDGING_HEADER = "";
				SWIFT_VERSION = 5.0;
				TARGETED_DEVICE_FAMILY = "1,2";
			};
			name = Release;
		};
/* End XCBuildConfiguration section */

/* Begin XCConfigurationList section */
		AAE79E51213521DA00E7AC1F /* Build configuration list for PBXProject "ImageClassification" */ = {
			isa = XCConfigurationList;
			buildConfigurations = (
				AAE79E7C213521DB00E7AC1F /* Debug */,
				AAE79E7D213521DB00E7AC1F /* Release */,
			);
			defaultConfigurationIsVisible = 0;
			defaultConfigurationName = Release;
		};
		AAE79E7E213521DB00E7AC1F /* Build configuration list for PBXNativeTarget "ImageClassification" */ = {
			isa = XCConfigurationList;
			buildConfigurations = (
				AAE79E7F213521DB00E7AC1F /* Debug */,
				AAE79E80213521DB00E7AC1F /* Release */,
			);
			defaultConfigurationIsVisible = 0;
			defaultConfigurationName = Release;
		};
/* End XCConfigurationList section */
	};
	rootObject = AAE79E4E213521DA00E7AC1F /* Project object */;
}
